// !$*UTF8*$!
{
	archiveVersion = 1;
	classes = {
	};
	objectVersion = 48;
	objects = {

/* Begin PBXBuildFile section */
		0321958EA608CF1F5BF14AD1 /* libPods-KonoWorker.a in Frameworks */ = {isa = PBXBuildFile; fileRef = 27A980E785E9BA05FEB6B70C /* libPods-KonoWorker.a */; };
		B1B0BCDBEE839AE128C8B320 /* libPods-KonoWorkerTests.a in Frameworks */ = {isa = PBXBuildFile; fileRef = 96978F1EFB11AEA6B479C57C /* libPods-KonoWorkerTests.a */; };
		E2660E10EE3B4BBB9FEDDCF3 /* libPods-KonoWorkerUITests.a in Frameworks */ = {isa = PBXBuildFile; fileRef = AAE74C1AD055FE29AFB8AF6A /* libPods-KonoWorkerUITests.a */; };
		E84A60BD1FD7FDA500980CB0 /* UIKit.framework in Frameworks */ = {isa = PBXBuildFile; fileRef = E84A60BC1FD7FDA500980CB0 /* UIKit.framework */; };
		E858A3811FD7FCD4008C4873 /* KWUIComponent.m in Sources */ = {isa = PBXBuildFile; fileRef = E858A3801FD7FCD4008C4873 /* KWUIComponent.m */; };
		E888BA231FBE9418001B231A /* AppDelegate.m in Sources */ = {isa = PBXBuildFile; fileRef = E888BA221FBE9418001B231A /* AppDelegate.m */; };
		E888BA261FBE9418001B231A /* KWLoginViewController.m in Sources */ = {isa = PBXBuildFile; fileRef = E888BA251FBE9418001B231A /* KWLoginViewController.m */; };
		E888BA291FBE9418001B231A /* Main.storyboard in Resources */ = {isa = PBXBuildFile; fileRef = E888BA271FBE9418001B231A /* Main.storyboard */; };
		E888BA2B1FBE9418001B231A /* Assets.xcassets in Resources */ = {isa = PBXBuildFile; fileRef = E888BA2A1FBE9418001B231A /* Assets.xcassets */; };
		E888BA2E1FBE9418001B231A /* LaunchScreen.storyboard in Resources */ = {isa = PBXBuildFile; fileRef = E888BA2C1FBE9418001B231A /* LaunchScreen.storyboard */; };
		E888BA311FBE9418001B231A /* main.m in Sources */ = {isa = PBXBuildFile; fileRef = E888BA301FBE9418001B231A /* main.m */; };
		E888BA3B1FBE9418001B231A /* KonoWorkerTests.m in Sources */ = {isa = PBXBuildFile; fileRef = E888BA3A1FBE9418001B231A /* KonoWorkerTests.m */; };
		E888BA461FBE9418001B231A /* KonoWorkerUITests.m in Sources */ = {isa = PBXBuildFile; fileRef = E888BA451FBE9418001B231A /* KonoWorkerUITests.m */; };
		E888BA541FBE9A1F001B231A /* GoogleService-Info.plist in Resources */ = {isa = PBXBuildFile; fileRef = E888BA531FBE9A1F001B231A /* GoogleService-Info.plist */; };
		E888BA561FC2DEA5001B231A /* CoreLocation.framework in Frameworks */ = {isa = PBXBuildFile; fileRef = E888BA551FC2DEA5001B231A /* CoreLocation.framework */; };
		E888BA591FC3DD07001B231A /* KWLocalDatabase.m in Sources */ = {isa = PBXBuildFile; fileRef = E888BA581FC3DD07001B231A /* KWLocalDatabase.m */; };
		E888BA5C1FC3E188001B231A /* KWAttendanceRecord.m in Sources */ = {isa = PBXBuildFile; fileRef = E888BA5B1FC3E188001B231A /* KWAttendanceRecord.m */; };
		E888BA5F1FC40075001B231A /* KWAttendanceDataViewController.m in Sources */ = {isa = PBXBuildFile; fileRef = E888BA5E1FC40075001B231A /* KWAttendanceDataViewController.m */; };
		E888BA621FC6722C001B231A /* KWUtil.m in Sources */ = {isa = PBXBuildFile; fileRef = E888BA611FC6722C001B231A /* KWUtil.m */; };
		E888BA6A1FCC0905001B231A /* KWLocationManager.m in Sources */ = {isa = PBXBuildFile; fileRef = E888BA691FCC0905001B231A /* KWLocationManager.m */; };
		E888BA6E1FCC190A001B231A /* KWAttendanceTableViewCell.m in Sources */ = {isa = PBXBuildFile; fileRef = E888BA6C1FCC190A001B231A /* KWAttendanceTableViewCell.m */; };
		E888BA6F1FCC190A001B231A /* KWAttendanceTableViewCell.xib in Resources */ = {isa = PBXBuildFile; fileRef = E888BA6D1FCC190A001B231A /* KWAttendanceTableViewCell.xib */; };
		E888BA721FCD0335001B231A /* KWWorker.m in Sources */ = {isa = PBXBuildFile; fileRef = E888BA711FCD0335001B231A /* KWWorker.m */; };
		E888BA751FCD0620001B231A /* KWMainViewController.m in Sources */ = {isa = PBXBuildFile; fileRef = E888BA741FCD0620001B231A /* KWMainViewController.m */; };
		E888BA781FCD183F001B231A /* KWNetworkManager.m in Sources */ = {isa = PBXBuildFile; fileRef = E888BA771FCD183F001B231A /* KWNetworkManager.m */; };
/* End PBXBuildFile section */

/* Begin PBXContainerItemProxy section */
		E888BA371FBE9418001B231A /* PBXContainerItemProxy */ = {
			isa = PBXContainerItemProxy;
			containerPortal = E888BA161FBE9418001B231A /* Project object */;
			proxyType = 1;
			remoteGlobalIDString = E888BA1D1FBE9418001B231A;
			remoteInfo = KonoWorker;
		};
		E888BA421FBE9418001B231A /* PBXContainerItemProxy */ = {
			isa = PBXContainerItemProxy;
			containerPortal = E888BA161FBE9418001B231A /* Project object */;
			proxyType = 1;
			remoteGlobalIDString = E888BA1D1FBE9418001B231A;
			remoteInfo = KonoWorker;
		};
/* End PBXContainerItemProxy section */

/* Begin PBXFileReference section */
		09B59BD305D01390021B5E7A /* Pods-KonoWorkerTests.debug.xcconfig */ = {isa = PBXFileReference; includeInIndex = 1; lastKnownFileType = text.xcconfig; name = "Pods-KonoWorkerTests.debug.xcconfig"; path = "Pods/Target Support Files/Pods-KonoWorkerTests/Pods-KonoWorkerTests.debug.xcconfig"; sourceTree = "<group>"; };
		22731F9C7D98E06904EFFE7B /* Pods-KonoWorker.release.xcconfig */ = {isa = PBXFileReference; includeInIndex = 1; lastKnownFileType = text.xcconfig; name = "Pods-KonoWorker.release.xcconfig"; path = "Pods/Target Support Files/Pods-KonoWorker/Pods-KonoWorker.release.xcconfig"; sourceTree = "<group>"; };
		2392307D3DDCB467F23EFF08 /* Pods-KonoWorkerTests.release.xcconfig */ = {isa = PBXFileReference; includeInIndex = 1; lastKnownFileType = text.xcconfig; name = "Pods-KonoWorkerTests.release.xcconfig"; path = "Pods/Target Support Files/Pods-KonoWorkerTests/Pods-KonoWorkerTests.release.xcconfig"; sourceTree = "<group>"; };
		27A980E785E9BA05FEB6B70C /* libPods-KonoWorker.a */ = {isa = PBXFileReference; explicitFileType = archive.ar; includeInIndex = 0; path = "libPods-KonoWorker.a"; sourceTree = BUILT_PRODUCTS_DIR; };
		4D6D09939020DDBAC0DBD752 /* Pods-KonoWorkerUITests.release.xcconfig */ = {isa = PBXFileReference; includeInIndex = 1; lastKnownFileType = text.xcconfig; name = "Pods-KonoWorkerUITests.release.xcconfig"; path = "Pods/Target Support Files/Pods-KonoWorkerUITests/Pods-KonoWorkerUITests.release.xcconfig"; sourceTree = "<group>"; };
		96978F1EFB11AEA6B479C57C /* libPods-KonoWorkerTests.a */ = {isa = PBXFileReference; explicitFileType = archive.ar; includeInIndex = 0; path = "libPods-KonoWorkerTests.a"; sourceTree = BUILT_PRODUCTS_DIR; };
		AAE74C1AD055FE29AFB8AF6A /* libPods-KonoWorkerUITests.a */ = {isa = PBXFileReference; explicitFileType = archive.ar; includeInIndex = 0; path = "libPods-KonoWorkerUITests.a"; sourceTree = BUILT_PRODUCTS_DIR; };
		D91515EBF22AB7098ECBB38E /* Pods-KonoWorkerUITests.debug.xcconfig */ = {isa = PBXFileReference; includeInIndex = 1; lastKnownFileType = text.xcconfig; name = "Pods-KonoWorkerUITests.debug.xcconfig"; path = "Pods/Target Support Files/Pods-KonoWorkerUITests/Pods-KonoWorkerUITests.debug.xcconfig"; sourceTree = "<group>"; };
		DB3E6DE1DDA167B9265745B6 /* Pods-KonoWorker.debug.xcconfig */ = {isa = PBXFileReference; includeInIndex = 1; lastKnownFileType = text.xcconfig; name = "Pods-KonoWorker.debug.xcconfig"; path = "Pods/Target Support Files/Pods-KonoWorker/Pods-KonoWorker.debug.xcconfig"; sourceTree = "<group>"; };
		E84A60BC1FD7FDA500980CB0 /* UIKit.framework */ = {isa = PBXFileReference; lastKnownFileType = wrapper.framework; name = UIKit.framework; path = System/Library/Frameworks/UIKit.framework; sourceTree = SDKROOT; };
		E858A37F1FD7FCD4008C4873 /* KWUIComponent.h */ = {isa = PBXFileReference; lastKnownFileType = sourcecode.c.h; path = KWUIComponent.h; sourceTree = "<group>"; };
		E858A3801FD7FCD4008C4873 /* KWUIComponent.m */ = {isa = PBXFileReference; lastKnownFileType = sourcecode.c.objc; path = KWUIComponent.m; sourceTree = "<group>"; };
		E888BA1E1FBE9418001B231A /* KonoWorker.app */ = {isa = PBXFileReference; explicitFileType = wrapper.application; includeInIndex = 0; path = KonoWorker.app; sourceTree = BUILT_PRODUCTS_DIR; };
		E888BA211FBE9418001B231A /* AppDelegate.h */ = {isa = PBXFileReference; lastKnownFileType = sourcecode.c.h; path = AppDelegate.h; sourceTree = "<group>"; };
		E888BA221FBE9418001B231A /* AppDelegate.m */ = {isa = PBXFileReference; lastKnownFileType = sourcecode.c.objc; path = AppDelegate.m; sourceTree = "<group>"; };
		E888BA241FBE9418001B231A /* KWLoginViewController.h */ = {isa = PBXFileReference; lastKnownFileType = sourcecode.c.h; path = KWLoginViewController.h; sourceTree = "<group>"; };
		E888BA251FBE9418001B231A /* KWLoginViewController.m */ = {isa = PBXFileReference; lastKnownFileType = sourcecode.c.objc; path = KWLoginViewController.m; sourceTree = "<group>"; };
		E888BA281FBE9418001B231A /* Base */ = {isa = PBXFileReference; lastKnownFileType = file.storyboard; name = Base; path = Base.lproj/Main.storyboard; sourceTree = "<group>"; };
		E888BA2A1FBE9418001B231A /* Assets.xcassets */ = {isa = PBXFileReference; lastKnownFileType = folder.assetcatalog; path = Assets.xcassets; sourceTree = "<group>"; };
		E888BA2D1FBE9418001B231A /* Base */ = {isa = PBXFileReference; lastKnownFileType = file.storyboard; name = Base; path = Base.lproj/LaunchScreen.storyboard; sourceTree = "<group>"; };
		E888BA2F1FBE9418001B231A /* Info.plist */ = {isa = PBXFileReference; lastKnownFileType = text.plist.xml; path = Info.plist; sourceTree = "<group>"; };
		E888BA301FBE9418001B231A /* main.m */ = {isa = PBXFileReference; lastKnownFileType = sourcecode.c.objc; path = main.m; sourceTree = "<group>"; };
		E888BA361FBE9418001B231A /* KonoWorkerTests.xctest */ = {isa = PBXFileReference; explicitFileType = wrapper.cfbundle; includeInIndex = 0; path = KonoWorkerTests.xctest; sourceTree = BUILT_PRODUCTS_DIR; };
		E888BA3A1FBE9418001B231A /* KonoWorkerTests.m */ = {isa = PBXFileReference; lastKnownFileType = sourcecode.c.objc; path = KonoWorkerTests.m; sourceTree = "<group>"; };
		E888BA3C1FBE9418001B231A /* Info.plist */ = {isa = PBXFileReference; lastKnownFileType = text.plist.xml; path = Info.plist; sourceTree = "<group>"; };
		E888BA411FBE9418001B231A /* KonoWorkerUITests.xctest */ = {isa = PBXFileReference; explicitFileType = wrapper.cfbundle; includeInIndex = 0; path = KonoWorkerUITests.xctest; sourceTree = BUILT_PRODUCTS_DIR; };
		E888BA451FBE9418001B231A /* KonoWorkerUITests.m */ = {isa = PBXFileReference; lastKnownFileType = sourcecode.c.objc; path = KonoWorkerUITests.m; sourceTree = "<group>"; };
		E888BA471FBE9418001B231A /* Info.plist */ = {isa = PBXFileReference; lastKnownFileType = text.plist.xml; path = Info.plist; sourceTree = "<group>"; };
		E888BA531FBE9A1F001B231A /* GoogleService-Info.plist */ = {isa = PBXFileReference; fileEncoding = 4; lastKnownFileType = text.plist.xml; path = "GoogleService-Info.plist"; sourceTree = "<group>"; };
		E888BA551FC2DEA5001B231A /* CoreLocation.framework */ = {isa = PBXFileReference; lastKnownFileType = wrapper.framework; name = CoreLocation.framework; path = System/Library/Frameworks/CoreLocation.framework; sourceTree = SDKROOT; };
		E888BA571FC3DD07001B231A /* KWLocalDatabase.h */ = {isa = PBXFileReference; lastKnownFileType = sourcecode.c.h; path = KWLocalDatabase.h; sourceTree = "<group>"; };
		E888BA581FC3DD07001B231A /* KWLocalDatabase.m */ = {isa = PBXFileReference; lastKnownFileType = sourcecode.c.objc; path = KWLocalDatabase.m; sourceTree = "<group>"; };
		E888BA5A1FC3E188001B231A /* KWAttendanceRecord.h */ = {isa = PBXFileReference; lastKnownFileType = sourcecode.c.h; path = KWAttendanceRecord.h; sourceTree = "<group>"; };
		E888BA5B1FC3E188001B231A /* KWAttendanceRecord.m */ = {isa = PBXFileReference; lastKnownFileType = sourcecode.c.objc; path = KWAttendanceRecord.m; sourceTree = "<group>"; };
		E888BA5D1FC40075001B231A /* KWAttendanceDataViewController.h */ = {isa = PBXFileReference; lastKnownFileType = sourcecode.c.h; path = KWAttendanceDataViewController.h; sourceTree = "<group>"; };
		E888BA5E1FC40075001B231A /* KWAttendanceDataViewController.m */ = {isa = PBXFileReference; lastKnownFileType = sourcecode.c.objc; path = KWAttendanceDataViewController.m; sourceTree = "<group>"; };
		E888BA601FC6722C001B231A /* KWUtil.h */ = {isa = PBXFileReference; lastKnownFileType = sourcecode.c.h; path = KWUtil.h; sourceTree = "<group>"; };
		E888BA611FC6722C001B231A /* KWUtil.m */ = {isa = PBXFileReference; lastKnownFileType = sourcecode.c.objc; path = KWUtil.m; sourceTree = "<group>"; };
		E888BA681FCC0905001B231A /* KWLocationManager.h */ = {isa = PBXFileReference; lastKnownFileType = sourcecode.c.h; path = KWLocationManager.h; sourceTree = "<group>"; };
		E888BA691FCC0905001B231A /* KWLocationManager.m */ = {isa = PBXFileReference; lastKnownFileType = sourcecode.c.objc; path = KWLocationManager.m; sourceTree = "<group>"; };
		E888BA6B1FCC190A001B231A /* KWAttendanceTableViewCell.h */ = {isa = PBXFileReference; lastKnownFileType = sourcecode.c.h; path = KWAttendanceTableViewCell.h; sourceTree = "<group>"; };
		E888BA6C1FCC190A001B231A /* KWAttendanceTableViewCell.m */ = {isa = PBXFileReference; lastKnownFileType = sourcecode.c.objc; path = KWAttendanceTableViewCell.m; sourceTree = "<group>"; };
		E888BA6D1FCC190A001B231A /* KWAttendanceTableViewCell.xib */ = {isa = PBXFileReference; lastKnownFileType = file.xib; path = KWAttendanceTableViewCell.xib; sourceTree = "<group>"; };
		E888BA701FCD0335001B231A /* KWWorker.h */ = {isa = PBXFileReference; lastKnownFileType = sourcecode.c.h; path = KWWorker.h; sourceTree = "<group>"; };
		E888BA711FCD0335001B231A /* KWWorker.m */ = {isa = PBXFileReference; lastKnownFileType = sourcecode.c.objc; path = KWWorker.m; sourceTree = "<group>"; };
		E888BA731FCD0620001B231A /* KWMainViewController.h */ = {isa = PBXFileReference; lastKnownFileType = sourcecode.c.h; path = KWMainViewController.h; sourceTree = "<group>"; };
		E888BA741FCD0620001B231A /* KWMainViewController.m */ = {isa = PBXFileReference; lastKnownFileType = sourcecode.c.objc; path = KWMainViewController.m; sourceTree = "<group>"; };
		E888BA761FCD183F001B231A /* KWNetworkManager.h */ = {isa = PBXFileReference; lastKnownFileType = sourcecode.c.h; path = KWNetworkManager.h; sourceTree = "<group>"; };
		E888BA771FCD183F001B231A /* KWNetworkManager.m */ = {isa = PBXFileReference; lastKnownFileType = sourcecode.c.objc; path = KWNetworkManager.m; sourceTree = "<group>"; };
/* End PBXFileReference section */

/* Begin PBXFrameworksBuildPhase section */
		E888BA1B1FBE9418001B231A /* Frameworks */ = {
			isa = PBXFrameworksBuildPhase;
			buildActionMask = 2147483647;
			files = (
				E84A60BD1FD7FDA500980CB0 /* UIKit.framework in Frameworks */,
				E888BA561FC2DEA5001B231A /* CoreLocation.framework in Frameworks */,
				0321958EA608CF1F5BF14AD1 /* libPods-KonoWorker.a in Frameworks */,
			);
			runOnlyForDeploymentPostprocessing = 0;
		};
		E888BA331FBE9418001B231A /* Frameworks */ = {
			isa = PBXFrameworksBuildPhase;
			buildActionMask = 2147483647;
			files = (
				B1B0BCDBEE839AE128C8B320 /* libPods-KonoWorkerTests.a in Frameworks */,
			);
			runOnlyForDeploymentPostprocessing = 0;
		};
		E888BA3E1FBE9418001B231A /* Frameworks */ = {
			isa = PBXFrameworksBuildPhase;
			buildActionMask = 2147483647;
			files = (
				E2660E10EE3B4BBB9FEDDCF3 /* libPods-KonoWorkerUITests.a in Frameworks */,
			);
			runOnlyForDeploymentPostprocessing = 0;
		};
/* End PBXFrameworksBuildPhase section */

/* Begin PBXGroup section */
		2EC76AFFC03DF225DD019CE7 /* Pods */ = {
			isa = PBXGroup;
			children = (
				DB3E6DE1DDA167B9265745B6 /* Pods-KonoWorker.debug.xcconfig */,
				22731F9C7D98E06904EFFE7B /* Pods-KonoWorker.release.xcconfig */,
				09B59BD305D01390021B5E7A /* Pods-KonoWorkerTests.debug.xcconfig */,
				2392307D3DDCB467F23EFF08 /* Pods-KonoWorkerTests.release.xcconfig */,
				D91515EBF22AB7098ECBB38E /* Pods-KonoWorkerUITests.debug.xcconfig */,
				4D6D09939020DDBAC0DBD752 /* Pods-KonoWorkerUITests.release.xcconfig */,
			);
			name = Pods;
			sourceTree = "<group>";
		};
		DD33B86166DAAE6703F605F7 /* Frameworks */ = {
			isa = PBXGroup;
			children = (
				E84A60BC1FD7FDA500980CB0 /* UIKit.framework */,
				E888BA551FC2DEA5001B231A /* CoreLocation.framework */,
				27A980E785E9BA05FEB6B70C /* libPods-KonoWorker.a */,
				96978F1EFB11AEA6B479C57C /* libPods-KonoWorkerTests.a */,
				AAE74C1AD055FE29AFB8AF6A /* libPods-KonoWorkerUITests.a */,
			);
			name = Frameworks;
			sourceTree = "<group>";
		};
		E888BA151FBE9418001B231A = {
			isa = PBXGroup;
			children = (
				E888BA201FBE9418001B231A /* KonoWorker */,
				E888BA391FBE9418001B231A /* KonoWorkerTests */,
				E888BA441FBE9418001B231A /* KonoWorkerUITests */,
				E888BA1F1FBE9418001B231A /* Products */,
				2EC76AFFC03DF225DD019CE7 /* Pods */,
				DD33B86166DAAE6703F605F7 /* Frameworks */,
			);
			sourceTree = "<group>";
		};
		E888BA1F1FBE9418001B231A /* Products */ = {
			isa = PBXGroup;
			children = (
				E888BA1E1FBE9418001B231A /* KonoWorker.app */,
				E888BA361FBE9418001B231A /* KonoWorkerTests.xctest */,
				E888BA411FBE9418001B231A /* KonoWorkerUITests.xctest */,
			);
			name = Products;
			sourceTree = "<group>";
		};
		E888BA201FBE9418001B231A /* KonoWorker */ = {
			isa = PBXGroup;
			children = (
				E888BA651FCC0820001B231A /* Model */,
				E888BA641FCC07EC001B231A /* Util */,
				E888BA671FCC08B9001B231A /* Storyboard */,
				E888BA211FBE9418001B231A /* AppDelegate.h */,
				E888BA221FBE9418001B231A /* AppDelegate.m */,
				E888BA5D1FC40075001B231A /* KWAttendanceDataViewController.h */,
				E888BA5E1FC40075001B231A /* KWAttendanceDataViewController.m */,
				E888BA6B1FCC190A001B231A /* KWAttendanceTableViewCell.h */,
				E888BA6C1FCC190A001B231A /* KWAttendanceTableViewCell.m */,
				E888BA6D1FCC190A001B231A /* KWAttendanceTableViewCell.xib */,
				E888BA731FCD0620001B231A /* KWMainViewController.h */,
				E888BA741FCD0620001B231A /* KWMainViewController.m */,
				E888BA241FBE9418001B231A /* KWLoginViewController.h */,
				E888BA251FBE9418001B231A /* KWLoginViewController.m */,
				E888BA531FBE9A1F001B231A /* GoogleService-Info.plist */,
				E888BA2F1FBE9418001B231A /* Info.plist */,
				E888BA2A1FBE9418001B231A /* Assets.xcassets */,
				E888BA301FBE9418001B231A /* main.m */,
			);
			path = KonoWorker;
			sourceTree = "<group>";
		};
		E888BA391FBE9418001B231A /* KonoWorkerTests */ = {
			isa = PBXGroup;
			children = (
				E888BA3A1FBE9418001B231A /* KonoWorkerTests.m */,
				E888BA3C1FBE9418001B231A /* Info.plist */,
			);
			path = KonoWorkerTests;
			sourceTree = "<group>";
		};
		E888BA441FBE9418001B231A /* KonoWorkerUITests */ = {
			isa = PBXGroup;
			children = (
				E888BA451FBE9418001B231A /* KonoWorkerUITests.m */,
				E888BA471FBE9418001B231A /* Info.plist */,
			);
			path = KonoWorkerUITests;
			sourceTree = "<group>";
		};
		E888BA641FCC07EC001B231A /* Util */ = {
			isa = PBXGroup;
			children = (
				E888BA601FC6722C001B231A /* KWUtil.h */,
				E888BA611FC6722C001B231A /* KWUtil.m */,
				E888BA761FCD183F001B231A /* KWNetworkManager.h */,
				E888BA771FCD183F001B231A /* KWNetworkManager.m */,
				E858A37F1FD7FCD4008C4873 /* KWUIComponent.h */,
				E858A3801FD7FCD4008C4873 /* KWUIComponent.m */,
			);
			path = Util;
			sourceTree = "<group>";
		};
		E888BA651FCC0820001B231A /* Model */ = {
			isa = PBXGroup;
			children = (
				E888BA5A1FC3E188001B231A /* KWAttendanceRecord.h */,
				E888BA5B1FC3E188001B231A /* KWAttendanceRecord.m */,
				E888BA571FC3DD07001B231A /* KWLocalDatabase.h */,
				E888BA581FC3DD07001B231A /* KWLocalDatabase.m */,
				E888BA681FCC0905001B231A /* KWLocationManager.h */,
				E888BA691FCC0905001B231A /* KWLocationManager.m */,
				E888BA701FCD0335001B231A /* KWWorker.h */,
				E888BA711FCD0335001B231A /* KWWorker.m */,
			);
			path = Model;
			sourceTree = "<group>";
		};
		E888BA671FCC08B9001B231A /* Storyboard */ = {
			isa = PBXGroup;
			children = (
				E888BA271FBE9418001B231A /* Main.storyboard */,
				E888BA2C1FBE9418001B231A /* LaunchScreen.storyboard */,
			);
			path = Storyboard;
			sourceTree = "<group>";
		};
/* End PBXGroup section */

/* Begin PBXNativeTarget section */
		E888BA1D1FBE9418001B231A /* KonoWorker */ = {
			isa = PBXNativeTarget;
			buildConfigurationList = E888BA4A1FBE9418001B231A /* Build configuration list for PBXNativeTarget "KonoWorker" */;
			buildPhases = (
				4D3F40B840974F427371FB1E /* [CP] Check Pods Manifest.lock */,
				E888BA1A1FBE9418001B231A /* Sources */,
				E888BA1B1FBE9418001B231A /* Frameworks */,
				E888BA1C1FBE9418001B231A /* Resources */,
				192DAD7F5028008AD810E602 /* [CP] Embed Pods Frameworks */,
				472FC96631894A0362D141EF /* [CP] Copy Pods Resources */,
			);
			buildRules = (
			);
			dependencies = (
			);
			name = KonoWorker;
			productName = KonoWorker;
			productReference = E888BA1E1FBE9418001B231A /* KonoWorker.app */;
			productType = "com.apple.product-type.application";
		};
		E888BA351FBE9418001B231A /* KonoWorkerTests */ = {
			isa = PBXNativeTarget;
			buildConfigurationList = E888BA4D1FBE9418001B231A /* Build configuration list for PBXNativeTarget "KonoWorkerTests" */;
			buildPhases = (
				5E86BF498B844EB7B30B153A /* [CP] Check Pods Manifest.lock */,
				E888BA321FBE9418001B231A /* Sources */,
				E888BA331FBE9418001B231A /* Frameworks */,
				E888BA341FBE9418001B231A /* Resources */,
				A3D8A8C8C43727A7E85BE6D9 /* [CP] Embed Pods Frameworks */,
				A19AEE2AB5BF205DBC4DF20B /* [CP] Copy Pods Resources */,
			);
			buildRules = (
			);
			dependencies = (
				E888BA381FBE9418001B231A /* PBXTargetDependency */,
			);
			name = KonoWorkerTests;
			productName = KonoWorkerTests;
			productReference = E888BA361FBE9418001B231A /* KonoWorkerTests.xctest */;
			productType = "com.apple.product-type.bundle.unit-test";
		};
		E888BA401FBE9418001B231A /* KonoWorkerUITests */ = {
			isa = PBXNativeTarget;
			buildConfigurationList = E888BA501FBE9418001B231A /* Build configuration list for PBXNativeTarget "KonoWorkerUITests" */;
			buildPhases = (
				5794040F477C537D73ABA981 /* [CP] Check Pods Manifest.lock */,
				E888BA3D1FBE9418001B231A /* Sources */,
				E888BA3E1FBE9418001B231A /* Frameworks */,
				E888BA3F1FBE9418001B231A /* Resources */,
				87A4C5B10A0850F632C633A6 /* [CP] Copy Pods Resources */,
			);
			buildRules = (
			);
			dependencies = (
				E888BA431FBE9418001B231A /* PBXTargetDependency */,
			);
			name = KonoWorkerUITests;
			productName = KonoWorkerUITests;
			productReference = E888BA411FBE9418001B231A /* KonoWorkerUITests.xctest */;
			productType = "com.apple.product-type.bundle.ui-testing";
		};
/* End PBXNativeTarget section */

/* Begin PBXProject section */
		E888BA161FBE9418001B231A /* Project object */ = {
			isa = PBXProject;
			attributes = {
				LastUpgradeCheck = 0910;
				ORGANIZATIONNAME = Kono;
				TargetAttributes = {
					E888BA1D1FBE9418001B231A = {
						CreatedOnToolsVersion = 9.1;
						ProvisioningStyle = Automatic;
						SystemCapabilities = {
							com.apple.BackgroundModes = {
								enabled = 1;
							};
						};
					};
					E888BA351FBE9418001B231A = {
						CreatedOnToolsVersion = 9.1;
						ProvisioningStyle = Automatic;
						TestTargetID = E888BA1D1FBE9418001B231A;
					};
					E888BA401FBE9418001B231A = {
						CreatedOnToolsVersion = 9.1;
						ProvisioningStyle = Automatic;
						TestTargetID = E888BA1D1FBE9418001B231A;
					};
				};
			};
			buildConfigurationList = E888BA191FBE9418001B231A /* Build configuration list for PBXProject "KonoWorker" */;
			compatibilityVersion = "Xcode 8.0";
			developmentRegion = en;
			hasScannedForEncodings = 0;
			knownRegions = (
				en,
				Base,
			);
			mainGroup = E888BA151FBE9418001B231A;
			productRefGroup = E888BA1F1FBE9418001B231A /* Products */;
			projectDirPath = "";
			projectRoot = "";
			targets = (
				E888BA1D1FBE9418001B231A /* KonoWorker */,
				E888BA351FBE9418001B231A /* KonoWorkerTests */,
				E888BA401FBE9418001B231A /* KonoWorkerUITests */,
			);
		};
/* End PBXProject section */

/* Begin PBXResourcesBuildPhase section */
		E888BA1C1FBE9418001B231A /* Resources */ = {
			isa = PBXResourcesBuildPhase;
			buildActionMask = 2147483647;
			files = (
				E888BA2E1FBE9418001B231A /* LaunchScreen.storyboard in Resources */,
				E888BA2B1FBE9418001B231A /* Assets.xcassets in Resources */,
				E888BA291FBE9418001B231A /* Main.storyboard in Resources */,
				E888BA541FBE9A1F001B231A /* GoogleService-Info.plist in Resources */,
				E888BA6F1FCC190A001B231A /* KWAttendanceTableViewCell.xib in Resources */,
			);
			runOnlyForDeploymentPostprocessing = 0;
		};
		E888BA341FBE9418001B231A /* Resources */ = {
			isa = PBXResourcesBuildPhase;
			buildActionMask = 2147483647;
			files = (
			);
			runOnlyForDeploymentPostprocessing = 0;
		};
		E888BA3F1FBE9418001B231A /* Resources */ = {
			isa = PBXResourcesBuildPhase;
			buildActionMask = 2147483647;
			files = (
			);
			runOnlyForDeploymentPostprocessing = 0;
		};
/* End PBXResourcesBuildPhase section */

/* Begin PBXShellScriptBuildPhase section */
		192DAD7F5028008AD810E602 /* [CP] Embed Pods Frameworks */ = {
			isa = PBXShellScriptBuildPhase;
			buildActionMask = 2147483647;
			files = (
			);
			inputPaths = (
			);
			name = "[CP] Embed Pods Frameworks";
			outputPaths = (
			);
			runOnlyForDeploymentPostprocessing = 0;
			shellPath = /bin/sh;
			shellScript = "\"${SRCROOT}/Pods/Target Support Files/Pods-KonoWorker/Pods-KonoWorker-frameworks.sh\"\n";
			showEnvVarsInLog = 0;
		};
		472FC96631894A0362D141EF /* [CP] Copy Pods Resources */ = {
			isa = PBXShellScriptBuildPhase;
			buildActionMask = 2147483647;
			files = (
			);
			inputPaths = (
			);
			name = "[CP] Copy Pods Resources";
			outputPaths = (
			);
			runOnlyForDeploymentPostprocessing = 0;
			shellPath = /bin/sh;
			shellScript = "\"${SRCROOT}/Pods/Target Support Files/Pods-KonoWorker/Pods-KonoWorker-resources.sh\"\n";
			showEnvVarsInLog = 0;
		};
		4D3F40B840974F427371FB1E /* [CP] Check Pods Manifest.lock */ = {
			isa = PBXShellScriptBuildPhase;
			buildActionMask = 2147483647;
			files = (
			);
			inputPaths = (
			);
			name = "[CP] Check Pods Manifest.lock";
			outputPaths = (
			);
			runOnlyForDeploymentPostprocessing = 0;
			shellPath = /bin/sh;
			shellScript = "diff \"${PODS_ROOT}/../Podfile.lock\" \"${PODS_ROOT}/Manifest.lock\" > /dev/null\nif [[ $? != 0 ]] ; then\n    cat << EOM\nerror: The sandbox is not in sync with the Podfile.lock. Run 'pod install' or update your CocoaPods installation.\nEOM\n    exit 1\nfi\n";
			showEnvVarsInLog = 0;
		};
		5794040F477C537D73ABA981 /* [CP] Check Pods Manifest.lock */ = {
			isa = PBXShellScriptBuildPhase;
			buildActionMask = 2147483647;
			files = (
			);
			inputPaths = (
			);
			name = "[CP] Check Pods Manifest.lock";
			outputPaths = (
			);
			runOnlyForDeploymentPostprocessing = 0;
			shellPath = /bin/sh;
			shellScript = "diff \"${PODS_ROOT}/../Podfile.lock\" \"${PODS_ROOT}/Manifest.lock\" > /dev/null\nif [[ $? != 0 ]] ; then\n    cat << EOM\nerror: The sandbox is not in sync with the Podfile.lock. Run 'pod install' or update your CocoaPods installation.\nEOM\n    exit 1\nfi\n";
			showEnvVarsInLog = 0;
		};
		5E86BF498B844EB7B30B153A /* [CP] Check Pods Manifest.lock */ = {
			isa = PBXShellScriptBuildPhase;
			buildActionMask = 2147483647;
			files = (
			);
			inputPaths = (
			);
			name = "[CP] Check Pods Manifest.lock";
			outputPaths = (
			);
			runOnlyForDeploymentPostprocessing = 0;
			shellPath = /bin/sh;
			shellScript = "diff \"${PODS_ROOT}/../Podfile.lock\" \"${PODS_ROOT}/Manifest.lock\" > /dev/null\nif [[ $? != 0 ]] ; then\n    cat << EOM\nerror: The sandbox is not in sync with the Podfile.lock. Run 'pod install' or update your CocoaPods installation.\nEOM\n    exit 1\nfi\n";
			showEnvVarsInLog = 0;
		};
		87A4C5B10A0850F632C633A6 /* [CP] Copy Pods Resources */ = {
			isa = PBXShellScriptBuildPhase;
			buildActionMask = 2147483647;
			files = (
			);
			inputPaths = (
			);
			name = "[CP] Copy Pods Resources";
			outputPaths = (
			);
			runOnlyForDeploymentPostprocessing = 0;
			shellPath = /bin/sh;
			shellScript = "\"${SRCROOT}/Pods/Target Support Files/Pods-KonoWorkerUITests/Pods-KonoWorkerUITests-resources.sh\"\n";
			showEnvVarsInLog = 0;
		};
		A19AEE2AB5BF205DBC4DF20B /* [CP] Copy Pods Resources */ = {
			isa = PBXShellScriptBuildPhase;
			buildActionMask = 2147483647;
			files = (
			);
			inputPaths = (
			);
			name = "[CP] Copy Pods Resources";
			outputPaths = (
			);
			runOnlyForDeploymentPostprocessing = 0;
			shellPath = /bin/sh;
			shellScript = "\"${SRCROOT}/Pods/Target Support Files/Pods-KonoWorkerTests/Pods-KonoWorkerTests-resources.sh\"\n";
			showEnvVarsInLog = 0;
		};
		A3D8A8C8C43727A7E85BE6D9 /* [CP] Embed Pods Frameworks */ = {
			isa = PBXShellScriptBuildPhase;
			buildActionMask = 2147483647;
			files = (
			);
			inputPaths = (
			);
			name = "[CP] Embed Pods Frameworks";
			outputPaths = (
			);
			runOnlyForDeploymentPostprocessing = 0;
			shellPath = /bin/sh;
			shellScript = "\"${SRCROOT}/Pods/Target Support Files/Pods-KonoWorkerTests/Pods-KonoWorkerTests-frameworks.sh\"\n";
			showEnvVarsInLog = 0;
		};
/* End PBXShellScriptBuildPhase section */

/* Begin PBXSourcesBuildPhase section */
		E888BA1A1FBE9418001B231A /* Sources */ = {
			isa = PBXSourcesBuildPhase;
			buildActionMask = 2147483647;
			files = (
				E888BA781FCD183F001B231A /* KWNetworkManager.m in Sources */,
				E888BA261FBE9418001B231A /* KWLoginViewController.m in Sources */,
				E888BA311FBE9418001B231A /* main.m in Sources */,
				E888BA5F1FC40075001B231A /* KWAttendanceDataViewController.m in Sources */,
				E888BA751FCD0620001B231A /* KWMainViewController.m in Sources */,
				E858A3811FD7FCD4008C4873 /* KWUIComponent.m in Sources */,
				E888BA621FC6722C001B231A /* KWUtil.m in Sources */,
				E888BA6A1FCC0905001B231A /* KWLocationManager.m in Sources */,
				E888BA721FCD0335001B231A /* KWWorker.m in Sources */,
				E888BA6E1FCC190A001B231A /* KWAttendanceTableViewCell.m in Sources */,
				E888BA591FC3DD07001B231A /* KWLocalDatabase.m in Sources */,
				E888BA231FBE9418001B231A /* AppDelegate.m in Sources */,
				E888BA5C1FC3E188001B231A /* KWAttendanceRecord.m in Sources */,
			);
			runOnlyForDeploymentPostprocessing = 0;
		};
		E888BA321FBE9418001B231A /* Sources */ = {
			isa = PBXSourcesBuildPhase;
			buildActionMask = 2147483647;
			files = (
				E888BA3B1FBE9418001B231A /* KonoWorkerTests.m in Sources */,
			);
			runOnlyForDeploymentPostprocessing = 0;
		};
		E888BA3D1FBE9418001B231A /* Sources */ = {
			isa = PBXSourcesBuildPhase;
			buildActionMask = 2147483647;
			files = (
				E888BA461FBE9418001B231A /* KonoWorkerUITests.m in Sources */,
			);
			runOnlyForDeploymentPostprocessing = 0;
		};
/* End PBXSourcesBuildPhase section */

/* Begin PBXTargetDependency section */
		E888BA381FBE9418001B231A /* PBXTargetDependency */ = {
			isa = PBXTargetDependency;
			target = E888BA1D1FBE9418001B231A /* KonoWorker */;
			targetProxy = E888BA371FBE9418001B231A /* PBXContainerItemProxy */;
		};
		E888BA431FBE9418001B231A /* PBXTargetDependency */ = {
			isa = PBXTargetDependency;
			target = E888BA1D1FBE9418001B231A /* KonoWorker */;
			targetProxy = E888BA421FBE9418001B231A /* PBXContainerItemProxy */;
		};
/* End PBXTargetDependency section */

/* Begin PBXVariantGroup section */
		E888BA271FBE9418001B231A /* Main.storyboard */ = {
			isa = PBXVariantGroup;
			children = (
				E888BA281FBE9418001B231A /* Base */,
			);
			name = Main.storyboard;
			sourceTree = "<group>";
		};
		E888BA2C1FBE9418001B231A /* LaunchScreen.storyboard */ = {
			isa = PBXVariantGroup;
			children = (
				E888BA2D1FBE9418001B231A /* Base */,
			);
			name = LaunchScreen.storyboard;
			sourceTree = "<group>";
		};
/* End PBXVariantGroup section */

/* Begin XCBuildConfiguration section */
		E888BA481FBE9418001B231A /* Debug */ = {
			isa = XCBuildConfiguration;
			buildSettings = {
				ALWAYS_SEARCH_USER_PATHS = NO;
				CLANG_ANALYZER_NONNULL = YES;
				CLANG_ANALYZER_NUMBER_OBJECT_CONVERSION = YES_AGGRESSIVE;
				CLANG_CXX_LANGUAGE_STANDARD = "gnu++14";
				CLANG_CXX_LIBRARY = "libc++";
				CLANG_ENABLE_MODULES = YES;
				CLANG_ENABLE_OBJC_ARC = YES;
				CLANG_WARN_BLOCK_CAPTURE_AUTORELEASING = YES;
				CLANG_WARN_BOOL_CONVERSION = YES;
				CLANG_WARN_COMMA = YES;
				CLANG_WARN_CONSTANT_CONVERSION = YES;
				CLANG_WARN_DIRECT_OBJC_ISA_USAGE = YES_ERROR;
				CLANG_WARN_DOCUMENTATION_COMMENTS = YES;
				CLANG_WARN_EMPTY_BODY = YES;
				CLANG_WARN_ENUM_CONVERSION = YES;
				CLANG_WARN_INFINITE_RECURSION = YES;
				CLANG_WARN_INT_CONVERSION = YES;
				CLANG_WARN_NON_LITERAL_NULL_CONVERSION = YES;
				CLANG_WARN_OBJC_LITERAL_CONVERSION = YES;
				CLANG_WARN_OBJC_ROOT_CLASS = YES_ERROR;
				CLANG_WARN_RANGE_LOOP_ANALYSIS = YES;
				CLANG_WARN_STRICT_PROTOTYPES = YES;
				CLANG_WARN_SUSPICIOUS_MOVE = YES;
				CLANG_WARN_UNGUARDED_AVAILABILITY = YES_AGGRESSIVE;
				CLANG_WARN_UNREACHABLE_CODE = YES;
				CLANG_WARN__DUPLICATE_METHOD_MATCH = YES;
				CODE_SIGN_IDENTITY = "iPhone Developer";
				COPY_PHASE_STRIP = NO;
				DEBUG_INFORMATION_FORMAT = dwarf;
				ENABLE_STRICT_OBJC_MSGSEND = YES;
				ENABLE_TESTABILITY = YES;
				GCC_C_LANGUAGE_STANDARD = gnu11;
				GCC_DYNAMIC_NO_PIC = NO;
				GCC_NO_COMMON_BLOCKS = YES;
				GCC_OPTIMIZATION_LEVEL = 0;
				GCC_PREPROCESSOR_DEFINITIONS = (
					"DEBUG=1",
					"$(inherited)",
				);
				GCC_WARN_64_TO_32_BIT_CONVERSION = YES;
				GCC_WARN_ABOUT_RETURN_TYPE = YES_ERROR;
				GCC_WARN_UNDECLARED_SELECTOR = YES;
				GCC_WARN_UNINITIALIZED_AUTOS = YES_AGGRESSIVE;
				GCC_WARN_UNUSED_FUNCTION = YES;
				GCC_WARN_UNUSED_VARIABLE = YES;
				IPHONEOS_DEPLOYMENT_TARGET = 9.0;
				MTL_ENABLE_DEBUG_INFO = YES;
				ONLY_ACTIVE_ARCH = YES;
				SDKROOT = iphoneos;
			};
			name = Debug;
		};
		E888BA491FBE9418001B231A /* Release */ = {
			isa = XCBuildConfiguration;
			buildSettings = {
				ALWAYS_SEARCH_USER_PATHS = NO;
				CLANG_ANALYZER_NONNULL = YES;
				CLANG_ANALYZER_NUMBER_OBJECT_CONVERSION = YES_AGGRESSIVE;
				CLANG_CXX_LANGUAGE_STANDARD = "gnu++14";
				CLANG_CXX_LIBRARY = "libc++";
				CLANG_ENABLE_MODULES = YES;
				CLANG_ENABLE_OBJC_ARC = YES;
				CLANG_WARN_BLOCK_CAPTURE_AUTORELEASING = YES;
				CLANG_WARN_BOOL_CONVERSION = YES;
				CLANG_WARN_COMMA = YES;
				CLANG_WARN_CONSTANT_CONVERSION = YES;
				CLANG_WARN_DIRECT_OBJC_ISA_USAGE = YES_ERROR;
				CLANG_WARN_DOCUMENTATION_COMMENTS = YES;
				CLANG_WARN_EMPTY_BODY = YES;
				CLANG_WARN_ENUM_CONVERSION = YES;
				CLANG_WARN_INFINITE_RECURSION = YES;
				CLANG_WARN_INT_CONVERSION = YES;
				CLANG_WARN_NON_LITERAL_NULL_CONVERSION = YES;
				CLANG_WARN_OBJC_LITERAL_CONVERSION = YES;
				CLANG_WARN_OBJC_ROOT_CLASS = YES_ERROR;
				CLANG_WARN_RANGE_LOOP_ANALYSIS = YES;
				CLANG_WARN_STRICT_PROTOTYPES = YES;
				CLANG_WARN_SUSPICIOUS_MOVE = YES;
				CLANG_WARN_UNGUARDED_AVAILABILITY = YES_AGGRESSIVE;
				CLANG_WARN_UNREACHABLE_CODE = YES;
				CLANG_WARN__DUPLICATE_METHOD_MATCH = YES;
				CODE_SIGN_IDENTITY = "iPhone Developer";
				COPY_PHASE_STRIP = NO;
				DEBUG_INFORMATION_FORMAT = "dwarf-with-dsym";
				ENABLE_NS_ASSERTIONS = NO;
				ENABLE_STRICT_OBJC_MSGSEND = YES;
				GCC_C_LANGUAGE_STANDARD = gnu11;
				GCC_NO_COMMON_BLOCKS = YES;
				GCC_WARN_64_TO_32_BIT_CONVERSION = YES;
				GCC_WARN_ABOUT_RETURN_TYPE = YES_ERROR;
				GCC_WARN_UNDECLARED_SELECTOR = YES;
				GCC_WARN_UNINITIALIZED_AUTOS = YES_AGGRESSIVE;
				GCC_WARN_UNUSED_FUNCTION = YES;
				GCC_WARN_UNUSED_VARIABLE = YES;
				IPHONEOS_DEPLOYMENT_TARGET = 9.0;
				MTL_ENABLE_DEBUG_INFO = NO;
				SDKROOT = iphoneos;
				VALIDATE_PRODUCT = YES;
			};
			name = Release;
		};
		E888BA4B1FBE9418001B231A /* Debug */ = {
			isa = XCBuildConfiguration;
			baseConfigurationReference = DB3E6DE1DDA167B9265745B6 /* Pods-KonoWorker.debug.xcconfig */;
			buildSettings = {
				ASSETCATALOG_COMPILER_APPICON_NAME = AppIcon;
				CODE_SIGN_STYLE = Automatic;
				DEVELOPMENT_TEAM = 8JTQDN5GB8;
				INFOPLIST_FILE = KonoWorker/Info.plist;
				IPHONEOS_DEPLOYMENT_TARGET = 9.0;
				LD_RUNPATH_SEARCH_PATHS = "$(inherited) @executable_path/Frameworks";
				PRODUCT_BUNDLE_IDENTIFIER = com.thekono.KonoWorker;
				PRODUCT_NAME = "$(TARGET_NAME)";
				TARGETED_DEVICE_FAMILY = "1,2";
			};
			name = Debug;
		};
		E888BA4C1FBE9418001B231A /* Release */ = {
			isa = XCBuildConfiguration;
			baseConfigurationReference = 22731F9C7D98E06904EFFE7B /* Pods-KonoWorker.release.xcconfig */;
			buildSettings = {
				ASSETCATALOG_COMPILER_APPICON_NAME = AppIcon;
				CODE_SIGN_STYLE = Automatic;
				DEVELOPMENT_TEAM = 8JTQDN5GB8;
				INFOPLIST_FILE = KonoWorker/Info.plist;
				IPHONEOS_DEPLOYMENT_TARGET = 9.0;
				LD_RUNPATH_SEARCH_PATHS = "$(inherited) @executable_path/Frameworks";
				PRODUCT_BUNDLE_IDENTIFIER = com.thekono.KonoWorker;
				PRODUCT_NAME = "$(TARGET_NAME)";
				TARGETED_DEVICE_FAMILY = "1,2";
			};
			name = Release;
		};
		E888BA4E1FBE9418001B231A /* Debug */ = {
			isa = XCBuildConfiguration;
			baseConfigurationReference = 09B59BD305D01390021B5E7A /* Pods-KonoWorkerTests.debug.xcconfig */;
			buildSettings = {
				BUNDLE_LOADER = "$(TEST_HOST)";
				CODE_SIGN_STYLE = Automatic;
				DEVELOPMENT_TEAM = KSFL9L3S98;
				INFOPLIST_FILE = KonoWorkerTests/Info.plist;
				LD_RUNPATH_SEARCH_PATHS = "$(inherited) @executable_path/Frameworks @loader_path/Frameworks";
				PRODUCT_BUNDLE_IDENTIFIER = com.thekono.KonoWorkerTests;
				PRODUCT_NAME = "$(TARGET_NAME)";
				TARGETED_DEVICE_FAMILY = "1,2";
				TEST_HOST = "$(BUILT_PRODUCTS_DIR)/KonoWorker.app/KonoWorker";
			};
			name = Debug;
		};
		E888BA4F1FBE9418001B231A /* Release */ = {
			isa = XCBuildConfiguration;
			baseConfigurationReference = 2392307D3DDCB467F23EFF08 /* Pods-KonoWorkerTests.release.xcconfig */;
			buildSettings = {
				BUNDLE_LOADER = "$(TEST_HOST)";
				CODE_SIGN_STYLE = Automatic;
				DEVELOPMENT_TEAM = KSFL9L3S98;
				INFOPLIST_FILE = KonoWorkerTests/Info.plist;
				LD_RUNPATH_SEARCH_PATHS = "$(inherited) @executable_path/Frameworks @loader_path/Frameworks";
				PRODUCT_BUNDLE_IDENTIFIER = com.thekono.KonoWorkerTests;
				PRODUCT_NAME = "$(TARGET_NAME)";
				TARGETED_DEVICE_FAMILY = "1,2";
				TEST_HOST = "$(BUILT_PRODUCTS_DIR)/KonoWorker.app/KonoWorker";
			};
			name = Release;
		};
		E888BA511FBE9418001B231A /* Debug */ = {
			isa = XCBuildConfiguration;
			baseConfigurationReference = D91515EBF22AB7098ECBB38E /* Pods-KonoWorkerUITests.debug.xcconfig */;
			buildSettings = {
				CODE_SIGN_STYLE = Automatic;
				DEVELOPMENT_TEAM = KSFL9L3S98;
				INFOPLIST_FILE = KonoWorkerUITests/Info.plist;
				LD_RUNPATH_SEARCH_PATHS = "$(inherited) @executable_path/Frameworks @loader_path/Frameworks";
				PRODUCT_BUNDLE_IDENTIFIER = com.thekono.KonoWorkerUITests;
				PRODUCT_NAME = "$(TARGET_NAME)";
				TARGETED_DEVICE_FAMILY = "1,2";
				TEST_TARGET_NAME = KonoWorker;
			};
			name = Debug;
		};
		E888BA521FBE9418001B231A /* Release */ = {
			isa = XCBuildConfiguration;
			baseConfigurationReference = 4D6D09939020DDBAC0DBD752 /* Pods-KonoWorkerUITests.release.xcconfig */;
			buildSettings = {
				CODE_SIGN_STYLE = Automatic;
				DEVELOPMENT_TEAM = KSFL9L3S98;
				INFOPLIST_FILE = KonoWorkerUITests/Info.plist;
				LD_RUNPATH_SEARCH_PATHS = "$(inherited) @executable_path/Frameworks @loader_path/Frameworks";
				PRODUCT_BUNDLE_IDENTIFIER = com.thekono.KonoWorkerUITests;
				PRODUCT_NAME = "$(TARGET_NAME)";
				TARGETED_DEVICE_FAMILY = "1,2";
				TEST_TARGET_NAME = KonoWorker;
			};
			name = Release;
		};
/* End XCBuildConfiguration section */

/* Begin XCConfigurationList section */
		E888BA191FBE9418001B231A /* Build configuration list for PBXProject "KonoWorker" */ = {
			isa = XCConfigurationList;
			buildConfigurations = (
				E888BA481FBE9418001B231A /* Debug */,
				E888BA491FBE9418001B231A /* Release */,
			);
			defaultConfigurationIsVisible = 0;
			defaultConfigurationName = Release;
		};
		E888BA4A1FBE9418001B231A /* Build configuration list for PBXNativeTarget "KonoWorker" */ = {
			isa = XCConfigurationList;
			buildConfigurations = (
				E888BA4B1FBE9418001B231A /* Debug */,
				E888BA4C1FBE9418001B231A /* Release */,
			);
			defaultConfigurationIsVisible = 0;
			defaultConfigurationName = Release;
		};
		E888BA4D1FBE9418001B231A /* Build configuration list for PBXNativeTarget "KonoWorkerTests" */ = {
			isa = XCConfigurationList;
			buildConfigurations = (
				E888BA4E1FBE9418001B231A /* Debug */,
				E888BA4F1FBE9418001B231A /* Release */,
			);
			defaultConfigurationIsVisible = 0;
			defaultConfigurationName = Release;
		};
		E888BA501FBE9418001B231A /* Build configuration list for PBXNativeTarget "KonoWorkerUITests" */ = {
			isa = XCConfigurationList;
			buildConfigurations = (
				E888BA511FBE9418001B231A /* Debug */,
				E888BA521FBE9418001B231A /* Release */,
			);
			defaultConfigurationIsVisible = 0;
			defaultConfigurationName = Release;
		};
/* End XCConfigurationList section */
	};
	rootObject = E888BA161FBE9418001B231A /* Project object */;
}
